{
    "_readme": [
        "This file locks the dependencies of your project to a known state",
        "Read more about it at https://getcomposer.org/doc/01-basic-usage.md#installing-dependencies",
        "This file is @generated automatically"
    ],
    "content-hash": "c9351dd213830f2cb15a1158aa8c77b4",
    "packages": [
        {
            "name": "league/csv",
            "version": "9.9.0",
            "source": {
                "type": "git",
                "url": "https://github.com/thephpleague/csv.git",
                "reference": "b4418ede47fbd88facc34e40a16c8ce9153b961b"
            },
            "dist": {
                "type": "zip",
                "url": "https://api.github.com/repos/thephpleague/csv/zipball/b4418ede47fbd88facc34e40a16c8ce9153b961b",
                "reference": "b4418ede47fbd88facc34e40a16c8ce9153b961b",
                "shasum": ""
            },
            "require": {
                "ext-json": "*",
                "ext-mbstring": "*",
                "php": "^8.1.2"
            },
            "require-dev": {
                "doctrine/collections": "^2.1.2",
                "ext-dom": "*",
                "ext-xdebug": "*",
                "friendsofphp/php-cs-fixer": "^v3.14.3",
                "phpbench/phpbench": "^1.2.8",
                "phpstan/phpstan": "^1.10.4",
                "phpstan/phpstan-deprecation-rules": "^1.1.2",
                "phpstan/phpstan-phpunit": "^1.3.10",
                "phpstan/phpstan-strict-rules": "^1.5.0",
                "phpunit/phpunit": "^10.0.14"
            },
            "suggest": {
                "ext-dom": "Required to use the XMLConverter and the HTMLConverter classes",
                "ext-iconv": "Needed to ease transcoding CSV using iconv stream filters"
            },
            "type": "library",
            "extra": {
                "branch-alias": {
                    "dev-master": "9.x-dev"
                }
            },
            "autoload": {
                "files": [
                    "src/functions_include.php"
                ],
                "psr-4": {
                    "League\\Csv\\": "src"
                }
            },
            "notification-url": "https://packagist.org/downloads/",
            "license": [
                "MIT"
            ],
            "authors": [
                {
                    "name": "Ignace Nyamagana Butera",
                    "email": "nyamsprod@gmail.com",
                    "homepage": "https://github.com/nyamsprod/",
                    "role": "Developer"
                }
            ],
            "description": "CSV data manipulation made easy in PHP",
            "homepage": "https://csv.thephpleague.com",
            "keywords": [
                "convert",
                "csv",
                "export",
                "filter",
                "import",
                "read",
                "transform",
                "write"
            ],
            "support": {
                "docs": "https://csv.thephpleague.com",
                "issues": "https://github.com/thephpleague/csv/issues",
                "rss": "https://github.com/thephpleague/csv/releases.atom",
                "source": "https://github.com/thephpleague/csv"
            },
            "funding": [
                {
                    "url": "https://github.com/sponsors/nyamsprod",
                    "type": "github"
                }
            ],
            "time": "2023-03-11T15:57:12+00:00"
        },
        {
            "name": "microsoft/bingads",
            "version": "v13.0.16",
            "source": {
                "type": "git",
                "url": "https://github.com/BingAds/BingAds-PHP-SDK.git",
                "reference": "0200712f5916e35783cdf8066a6c1558ccf3db51"
            },
            "dist": {
                "type": "zip",
                "url": "https://api.github.com/repos/BingAds/BingAds-PHP-SDK/zipball/0200712f5916e35783cdf8066a6c1558ccf3db51",
                "reference": "0200712f5916e35783cdf8066a6c1558ccf3db51",
                "shasum": ""
            },
            "require": {
                "ext-curl": "*",
                "ext-openssl": "*",
                "ext-soap": "*",
                "php": ">=7.1"
            },
            "type": "library",
            "autoload": {
                "psr-4": {
                    "Microsoft\\BingAds\\": "src/"
                }
            },
            "notification-url": "https://packagist.org/downloads/",
            "license": [
                "Apache-2.0"
            ],
            "authors": [
                {
                    "name": "Microsoft",
                    "homepage": "https://github.com/BingAds/BingAds-PHP-SDK/graphs/contributors"
                }
            ],
            "description": "This project provides the PHP client library for the SOAP-based Bing Ads API at Microsoft.",
            "homepage": "https://github.com/BingAds/BingAds-PHP-SDK",
            "keywords": [
                "bing ads",
                "bingads",
                "microsoft advertising",
                "php",
                "sdk"
            ],
            "support": {
                "issues": "https://github.com/BingAds/BingAds-PHP-SDK/issues",
                "source": "https://github.com/BingAds/BingAds-PHP-SDK/tree/v13.0.16"
            },
            "time": "2023-06-02T09:21:34+00:00"
        }
    ],
    "packages-dev": [],
    "aliases": [],
    "minimum-stability": "stable",
    "stability-flags": [],
    "prefer-stable": false,
    "prefer-lowest": false,
    "platform": [],
    "platform-dev": [],
    "plugin-api-version": "2.2.0"
}
